
Microsoft Visual Studio Solution File, Format Version 12.00
# Visual Studio Version 17
VisualStudioVersion = 17.4.33205.214
MinimumVisualStudioVersion = 10.0.40219.1
Project("{FAE04EC0-301F-11D3-BF4B-00C04F79EFBC}") = "EntityFrameworkCore.ConsoleApp", "EntityFrameworkCore.ConsoleApp\EntityFrameworkCore.ConsoleApp.csproj", "{F4E58DB0-11B7-434E-AC7A-B1DF346314B6}"
EndProject
Project("{FAE04EC0-301F-11D3-BF4B-00C04F79EFBC}") = "EntityFrameworkCore.Data", "EntityFrameworkCore.Data\EntityFrameworkCore.Data.csproj", "{6B226BEC-1BCC-44E6-B957-4C542A309B80}"
EndProject
Project("{FAE04EC0-301F-11D3-BF4B-00C04F79EFBC}") = "EntityFrameworkCore.Domain", "EntityFrameworkCore.Domain\EntityFrameworkCore.Domain.csproj", "{82D9DFAB-17A0-4968-93E8-6964DB5B1891}"
EndProject
Global
	GlobalSection(SolutionConfigurationPlatforms) = preSolution
		Debug|Any CPU = Debug|Any CPU
		Release|Any CPU = Release|Any CPU
	EndGlobalSection
	GlobalSection(ProjectConfigurationPlatforms) = postSolution
		{F4E58DB0-11B7-434E-AC7A-B1DF346314B6}.Debug|Any CPU.ActiveCfg = Debug|Any CPU
		{F4E58DB0-11B7-434E-AC7A-B1DF346314B6}.Debug|Any CPU.Build.0 = Debug|Any CPU
		{F4E58DB0-11B7-434E-AC7A-B1DF346314B6}.Release|Any CPU.ActiveCfg = Release|Any CPU
		{F4E58DB0-11B7-434E-AC7A-B1DF346314B6}.Release|Any CPU.Build.0 = Release|Any CPU
		{6B226BEC-1BCC-44E6-B957-4C542A309B80}.Debug|Any CPU.ActiveCfg = Debug|Any CPU
		{6B226BEC-1BCC-44E6-B957-4C542A309B80}.Debug|Any CPU.Build.0 = Debug|Any CPU
		{6B226BEC-1BCC-44E6-B957-4C542A309B80}.Release|Any CPU.ActiveCfg = Release|Any CPU
		{6B226BEC-1BCC-44E6-B957-4C542A309B80}.Release|Any CPU.Build.0 = Release|Any CPU
		{82D9DFAB-17A0-4968-93E8-6964DB5B1891}.Debug|Any CPU.ActiveCfg = Debug|Any CPU
		{82D9DFAB-17A0-4968-93E8-6964DB5B1891}.Debug|Any CPU.Build.0 = Debug|Any CPU
		{82D9DFAB-17A0-4968-93E8-6964DB5B1891}.Release|Any CPU.ActiveCfg = Release|Any CPU
		{82D9DFAB-17A0-4968-93E8-6964DB5B1891}.Release|Any CPU.Build.0 = Release|Any CPU
	EndGlobalSection
	GlobalSection(SolutionProperties) = preSolution
		HideSolutionNode = FALSE
	EndGlobalSection
	GlobalSection(ExtensibilityGlobals) = postSolution
		SolutionGuid = {C3C00661-CF14-4B12-8C66-5F0C041F36DB}
	EndGlobalSection
EndGlobal
